
Microsoft Visual Studio Solution File, Format Version 12.00
# Visual Studio Version 17
VisualStudioVersion = 17.2.32630.192
MinimumVisualStudioVersion = 10.0.40219.1
Project("{FAE04EC0-301F-11D3-BF4B-00C04F79EFBC}") = "120822_WinForm_ListView", "120822_WinForm_ListView\120822_WinForm_ListView.csproj", "{72717782-F30A-4E81-A602-A24AD2215148}"
EndProject
Global
	GlobalSection(SolutionConfigurationPlatforms) = preSolution
		Debug|Any CPU = Debug|Any CPU
		Release|Any CPU = Release|Any CPU
	EndGlobalSection
	GlobalSection(ProjectConfigurationPlatforms) = postSolution
		{72717782-F30A-4E81-A602-A24AD2215148}.Debug|Any CPU.ActiveCfg = Debug|Any CPU
		{72717782-F30A-4E81-A602-A24AD2215148}.Debug|Any CPU.Build.0 = Debug|Any CPU
		{72717782-F30A-4E81-A602-A24AD2215148}.Release|Any CPU.ActiveCfg = Release|Any CPU
		{72717782-F30A-4E81-A602-A24AD2215148}.Release|Any CPU.Build.0 = Release|Any CPU
	EndGlobalSection
	GlobalSection(SolutionProperties) = preSolution
		HideSolutionNode = FALSE
	EndGlobalSection
	GlobalSection(ExtensibilityGlobals) = postSolution
		SolutionGuid = {1716A5F9-15AC-4B3F-A694-DCD193C971A2}
	EndGlobalSection
EndGlobal
